
Microsoft Visual Studio Solution File, Format Version 12.00
# Visual Studio Version 17
VisualStudioVersion = 17.3.32922.545
MinimumVisualStudioVersion = 10.0.40219.1
Project("{9A19103F-16F7-4668-BE54-9A1E7A4F7556}") = "SystemReport.WebAPI", "SystemReport.WebAPI.csproj", "{484E3A58-2A2D-442B-91CF-F8C64B0937C6}"
EndProject
Global
	GlobalSection(SolutionConfigurationPlatforms) = preSolution
		Debug|Any CPU = Debug|Any CPU
		Release|Any CPU = Release|Any CPU
	EndGlobalSection
	GlobalSection(ProjectConfigurationPlatforms) = postSolution
		{484E3A58-2A2D-442B-91CF-F8C64B0937C6}.Debug|Any CPU.ActiveCfg = Debug|Any CPU
		{484E3A58-2A2D-442B-91CF-F8C64B0937C6}.Debug|Any CPU.Build.0 = Debug|Any CPU
		{484E3A58-2A2D-442B-91CF-F8C64B0937C6}.Release|Any CPU.ActiveCfg = Release|Any CPU
		{484E3A58-2A2D-442B-91CF-F8C64B0937C6}.Release|Any CPU.Build.0 = Release|Any CPU
	EndGlobalSection
	GlobalSection(SolutionProperties) = preSolution
		HideSolutionNode = FALSE
	EndGlobalSection
	GlobalSection(ExtensibilityGlobals) = postSolution
		SolutionGuid = {B9BC1111-EC20-462C-9C9D-448FAF264C45}
	EndGlobalSection
EndGlobal
